
Microsoft Visual Studio Solution File, Format Version 12.00
# Visual Studio 15
VisualStudioVersion = 15.0.26430.16
MinimumVisualStudioVersion = 10.0.40219.1
Project("{FAE04EC0-301F-11D3-BF4B-00C04F79EFBC}") = "NetControlServer", "NetControlServer\NetControlServer.csproj", "{1C3B9B6B-47C8-4E6A-94A9-147734C4D5D4}"
EndProject
Project("{FAE04EC0-301F-11D3-BF4B-00C04F79EFBC}") = "NetControlClient", "NetControlClient\NetControlClient.csproj", "{8DFD14B8-6842-467F-AFAF-B68296F546FF}"
EndProject
Project("{FAE04EC0-301F-11D3-BF4B-00C04F79EFBC}") = "NetControlCommon", "NetControlCommon\NetControlCommon.csproj", "{9AD8A54B-9284-4A64-891C-2E02CB90B8AA}"
EndProject
Global
	GlobalSection(SolutionConfigurationPlatforms) = preSolution
		Debug|Any CPU = Debug|Any CPU
		Release|Any CPU = Release|Any CPU
	EndGlobalSection
	GlobalSection(ProjectConfigurationPlatforms) = postSolution
		{1C3B9B6B-47C8-4E6A-94A9-147734C4D5D4}.Debug|Any CPU.ActiveCfg = Debug|Any CPU
		{1C3B9B6B-47C8-4E6A-94A9-147734C4D5D4}.Debug|Any CPU.Build.0 = Debug|Any CPU
		{1C3B9B6B-47C8-4E6A-94A9-147734C4D5D4}.Release|Any CPU.ActiveCfg = Release|Any CPU
		{1C3B9B6B-47C8-4E6A-94A9-147734C4D5D4}.Release|Any CPU.Build.0 = Release|Any CPU
		{8DFD14B8-6842-467F-AFAF-B68296F546FF}.Debug|Any CPU.ActiveCfg = Debug|Any CPU
		{8DFD14B8-6842-467F-AFAF-B68296F546FF}.Debug|Any CPU.Build.0 = Debug|Any CPU
		{8DFD14B8-6842-467F-AFAF-B68296F546FF}.Release|Any CPU.ActiveCfg = Release|Any CPU
		{8DFD14B8-6842-467F-AFAF-B68296F546FF}.Release|Any CPU.Build.0 = Release|Any CPU
		{9AD8A54B-9284-4A64-891C-2E02CB90B8AA}.Debug|Any CPU.ActiveCfg = Debug|Any CPU
		{9AD8A54B-9284-4A64-891C-2E02CB90B8AA}.Debug|Any CPU.Build.0 = Debug|Any CPU
		{9AD8A54B-9284-4A64-891C-2E02CB90B8AA}.Release|Any CPU.ActiveCfg = Release|Any CPU
		{9AD8A54B-9284-4A64-891C-2E02CB90B8AA}.Release|Any CPU.Build.0 = Release|Any CPU
	EndGlobalSection
	GlobalSection(SolutionProperties) = preSolution
		HideSolutionNode = FALSE
	EndGlobalSection
EndGlobal
